
Microsoft Visual Studio Solution File, Format Version 12.00
# Visual Studio Version 17
VisualStudioVersion = 17.7.34024.191
MinimumVisualStudioVersion = 10.0.40219.1
Project("{FAE04EC0-301F-11D3-BF4B-00C04F79EFBC}") = "Softcron Crm", "Softcron Crm.csproj", "{AADCFE60-D1BF-4966-8EDD-B0302E06E071}"
EndProject
Global
	GlobalSection(SolutionConfigurationPlatforms) = preSolution
		Debug|Any CPU = Debug|Any CPU
		Release|Any CPU = Release|Any CPU
	EndGlobalSection
	GlobalSection(ProjectConfigurationPlatforms) = postSolution
		{AADCFE60-D1BF-4966-8EDD-B0302E06E071}.Debug|Any CPU.ActiveCfg = Debug|Any CPU
		{AADCFE60-D1BF-4966-8EDD-B0302E06E071}.Debug|Any CPU.Build.0 = Debug|Any CPU
		{AADCFE60-D1BF-4966-8EDD-B0302E06E071}.Release|Any CPU.ActiveCfg = Release|Any CPU
		{AADCFE60-D1BF-4966-8EDD-B0302E06E071}.Release|Any CPU.Build.0 = Release|Any CPU
	EndGlobalSection
	GlobalSection(SolutionProperties) = preSolution
		HideSolutionNode = FALSE
	EndGlobalSection
	GlobalSection(ExtensibilityGlobals) = postSolution
		SolutionGuid = {5B8943FF-564B-4801-ABF9-3BD07F4744EE}
	EndGlobalSection
EndGlobal
